
Microsoft Visual Studio Solution File, Format Version 12.00
# Visual Studio Version 16
VisualStudioVersion = 16.0.31727.386
MinimumVisualStudioVersion = 10.0.40219.1
Project("{9A19103F-16F7-4668-BE54-9A1E7A4F7556}") = "AspNetCoreReact", "AspNetCoreReact.csproj", "{C8D5138A-A5BD-4B17-A928-4712EE579E7E}"
EndProject
Project("{9A19103F-16F7-4668-BE54-9A1E7A4F7556}") = "DataAccessLayer", "..\ClassLibrary\DataAccessLayer.csproj", "{1473554C-13D7-4D46-821E-FA2E226F3AF3}"
EndProject
Project("{FAE04EC0-301F-11D3-BF4B-00C04F79EFBC}") = "ConsoleApp3", "..\ConsoleApp3\ConsoleApp3.csproj", "{98B5B737-33C4-4096-BC84-247737C654B2}"
EndProject
Global
	GlobalSection(SolutionConfigurationPlatforms) = preSolution
		Debug|Any CPU = Debug|Any CPU
		Release|Any CPU = Release|Any CPU
	EndGlobalSection
	GlobalSection(ProjectConfigurationPlatforms) = postSolution
		{C8D5138A-A5BD-4B17-A928-4712EE579E7E}.Debug|Any CPU.ActiveCfg = Debug|Any CPU
		{C8D5138A-A5BD-4B17-A928-4712EE579E7E}.Debug|Any CPU.Build.0 = Debug|Any CPU
		{C8D5138A-A5BD-4B17-A928-4712EE579E7E}.Release|Any CPU.ActiveCfg = Release|Any CPU
		{C8D5138A-A5BD-4B17-A928-4712EE579E7E}.Release|Any CPU.Build.0 = Release|Any CPU
		{1473554C-13D7-4D46-821E-FA2E226F3AF3}.Debug|Any CPU.ActiveCfg = Debug|Any CPU
		{1473554C-13D7-4D46-821E-FA2E226F3AF3}.Debug|Any CPU.Build.0 = Debug|Any CPU
		{1473554C-13D7-4D46-821E-FA2E226F3AF3}.Release|Any CPU.ActiveCfg = Release|Any CPU
		{1473554C-13D7-4D46-821E-FA2E226F3AF3}.Release|Any CPU.Build.0 = Release|Any CPU
		{98B5B737-33C4-4096-BC84-247737C654B2}.Debug|Any CPU.ActiveCfg = Debug|Any CPU
		{98B5B737-33C4-4096-BC84-247737C654B2}.Debug|Any CPU.Build.0 = Debug|Any CPU
		{98B5B737-33C4-4096-BC84-247737C654B2}.Release|Any CPU.ActiveCfg = Release|Any CPU
		{98B5B737-33C4-4096-BC84-247737C654B2}.Release|Any CPU.Build.0 = Release|Any CPU
	EndGlobalSection
	GlobalSection(SolutionProperties) = preSolution
		HideSolutionNode = FALSE
	EndGlobalSection
	GlobalSection(ExtensibilityGlobals) = postSolution
		SolutionGuid = {9BBA295A-5782-4CD7-B357-D535A48B60DB}
	EndGlobalSection
EndGlobal
